// !$*UTF8*$!
{
	archiveVersion = 1;
	classes = {
	};
	objectVersion = 50;
	objects = {

/* Begin PBXBuildFile section */
		9F4CD18E252D22F4008B179E /* ComplexView.swift in Sources */ = {isa = PBXBuildFile; fileRef = 9F4CD18D252D22F4008B179E /* ComplexView.swift */; };
		9F4CD191252D23D5008B179E /* husky.png in Resources */ = {isa = PBXBuildFile; fileRef = 9F4CD190252D23D5008B179E /* husky.png */; };
		9FB41B7B252B4F850067B0DD /* PlaceholderViewInSwiftUIBlogApp.swift in Sources */ = {isa = PBXBuildFile; fileRef = 9FB41B7A252B4F850067B0DD /* PlaceholderViewInSwiftUIBlogApp.swift */; };
		9FB41B7D252B4F850067B0DD /* ContentView.swift in Sources */ = {isa = PBXBuildFile; fileRef = 9FB41B7C252B4F850067B0DD /* ContentView.swift */; };
		9FB41B7F252B4F860067B0DD /* Assets.xcassets in Resources */ = {isa = PBXBuildFile; fileRef = 9FB41B7E252B4F860067B0DD /* Assets.xcassets */; };
		9FB41B82252B4F860067B0DD /* Preview Assets.xcassets in Resources */ = {isa = PBXBuildFile; fileRef = 9FB41B81252B4F860067B0DD /* Preview Assets.xcassets */; };
/* End PBXBuildFile section */

/* Begin PBXFileReference section */
		9F4CD18D252D22F4008B179E /* ComplexView.swift */ = {isa = PBXFileReference; lastKnownFileType = sourcecode.swift; path = ComplexView.swift; sourceTree = "<group>"; };
		9F4CD190252D23D5008B179E /* husky.png */ = {isa = PBXFileReference; lastKnownFileType = image.png; path = husky.png; sourceTree = "<group>"; };
		9FB41B77252B4F850067B0DD /* PlaceholderViewInSwiftUIBlog.app */ = {isa = PBXFileReference; explicitFileType = wrapper.application; includeInIndex = 0; path = PlaceholderViewInSwiftUIBlog.app; sourceTree = BUILT_PRODUCTS_DIR; };
		9FB41B7A252B4F850067B0DD /* PlaceholderViewInSwiftUIBlogApp.swift */ = {isa = PBXFileReference; lastKnownFileType = sourcecode.swift; path = PlaceholderViewInSwiftUIBlogApp.swift; sourceTree = "<group>"; };
		9FB41B7C252B4F850067B0DD /* ContentView.swift */ = {isa = PBXFileReference; lastKnownFileType = sourcecode.swift; path = ContentView.swift; sourceTree = "<group>"; };
		9FB41B7E252B4F860067B0DD /* Assets.xcassets */ = {isa = PBXFileReference; lastKnownFileType = folder.assetcatalog; path = Assets.xcassets; sourceTree = "<group>"; };
		9FB41B81252B4F860067B0DD /* Preview Assets.xcassets */ = {isa = PBXFileReference; lastKnownFileType = folder.assetcatalog; path = "Preview Assets.xcassets"; sourceTree = "<group>"; };
		9FB41B83252B4F860067B0DD /* Info.plist */ = {isa = PBXFileReference; lastKnownFileType = text.plist.xml; path = Info.plist; sourceTree = "<group>"; };
/* End PBXFileReference section */

/* Begin PBXFrameworksBuildPhase section */
		9FB41B74252B4F850067B0DD /* Frameworks */ = {
			isa = PBXFrameworksBuildPhase;
			buildActionMask = 2147483647;
			files = (
			);
			runOnlyForDeploymentPostprocessing = 0;
		};
/* End PBXFrameworksBuildPhase section */

/* Begin PBXGroup section */
		9FB41B6E252B4F850067B0DD = {
			isa = PBXGroup;
			children = (
				9FB41B79252B4F850067B0DD /* PlaceholderViewInSwiftUIBlog */,
				9FB41B78252B4F850067B0DD /* Products */,
			);
			sourceTree = "<group>";
		};
		9FB41B78252B4F850067B0DD /* Products */ = {
			isa = PBXGroup;
			children = (
				9FB41B77252B4F850067B0DD /* PlaceholderViewInSwiftUIBlog.app */,
			);
			name = Products;
			sourceTree = "<group>";
		};
		9FB41B79252B4F850067B0DD /* PlaceholderViewInSwiftUIBlog */ = {
			isa = PBXGroup;
			children = (
				9FB41B7A252B4F850067B0DD /* PlaceholderViewInSwiftUIBlogApp.swift */,
				9FB41B7C252B4F850067B0DD /* ContentView.swift */,
				9F4CD18D252D22F4008B179E /* ComplexView.swift */,
				9FB41B7E252B4F860067B0DD /* Assets.xcassets */,
				9F4CD190252D23D5008B179E /* husky.png */,
				9FB41B83252B4F860067B0DD /* Info.plist */,
				9FB41B80252B4F860067B0DD /* Preview Content */,
			);
			path = PlaceholderViewInSwiftUIBlog;
			sourceTree = "<group>";
		};
		9FB41B80252B4F860067B0DD /* Preview Content */ = {
			isa = PBXGroup;
			children = (
				9FB41B81252B4F860067B0DD /* Preview Assets.xcassets */,
			);
			path = "Preview Content";
			sourceTree = "<group>";
		};
/* End PBXGroup section */

/* Begin PBXNativeTarget section */
		9FB41B76252B4F850067B0DD /* PlaceholderViewInSwiftUIBlog */ = {
			isa = PBXNativeTarget;
			buildConfigurationList = 9FB41B86252B4F860067B0DD /* Build configuration list for PBXNativeTarget "PlaceholderViewInSwiftUIBlog" */;
			buildPhases = (
				9FB41B73252B4F850067B0DD /* Sources */,
				9FB41B74252B4F850067B0DD /* Frameworks */,
				9FB41B75252B4F850067B0DD /* Resources */,
			);
			buildRules = (
			);
			dependencies = (
			);
			name = PlaceholderViewInSwiftUIBlog;
			productName = PlaceholderViewInSwiftUIBlog;
			productReference = 9FB41B77252B4F850067B0DD /* PlaceholderViewInSwiftUIBlog.app */;
			productType = "com.apple.product-type.application";
		};
/* End PBXNativeTarget section */

/* Begin PBXProject section */
		9FB41B6F252B4F850067B0DD /* Project object */ = {
			isa = PBXProject;
			attributes = {
				LastSwiftUpdateCheck = 1200;
				LastUpgradeCheck = 1200;
				TargetAttributes = {
					9FB41B76252B4F850067B0DD = {
						CreatedOnToolsVersion = 12.0.1;
					};
				};
			};
			buildConfigurationList = 9FB41B72252B4F850067B0DD /* Build configuration list for PBXProject "PlaceholderViewInSwiftUIBlog" */;
			compatibilityVersion = "Xcode 9.3";
			developmentRegion = en;
			hasScannedForEncodings = 0;
			knownRegions = (
				en,
				Base,
			);
			mainGroup = 9FB41B6E252B4F850067B0DD;
			productRefGroup = 9FB41B78252B4F850067B0DD /* Products */;
			projectDirPath = "";
			projectRoot = "";
			targets = (
				9FB41B76252B4F850067B0DD /* PlaceholderViewInSwiftUIBlog */,
			);
		};
/* End PBXProject section */

/* Begin PBXResourcesBuildPhase section */
		9FB41B75252B4F850067B0DD /* Resources */ = {
			isa = PBXResourcesBuildPhase;
			buildActionMask = 2147483647;
			files = (
				9FB41B82252B4F860067B0DD /* Preview Assets.xcassets in Resources */,
				9F4CD191252D23D5008B179E /* husky.png in Resources */,
				9FB41B7F252B4F860067B0DD /* Assets.xcassets in Resources */,
			);
			runOnlyForDeploymentPostprocessing = 0;
		};
/* End PBXResourcesBuildPhase section */

/* Begin PBXSourcesBuildPhase section */
		9FB41B73252B4F850067B0DD /* Sources */ = {
			isa = PBXSourcesBuildPhase;
			buildActionMask = 2147483647;
			files = (
				9FB41B7D252B4F850067B0DD /* ContentView.swift in Sources */,
				9F4CD18E252D22F4008B179E /* ComplexView.swift in Sources */,
				9FB41B7B252B4F850067B0DD /* PlaceholderViewInSwiftUIBlogApp.swift in Sources */,
			);
			runOnlyForDeploymentPostprocessing = 0;
		};
/* End PBXSourcesBuildPhase section */

/* Begin XCBuildConfiguration section */
		9FB41B84252B4F860067B0DD /* Debug */ = {
			isa = XCBuildConfiguration;
			buildSettings = {
				ALWAYS_SEARCH_USER_PATHS = NO;
				CLANG_ANALYZER_NONNULL = YES;
				CLANG_ANALYZER_NUMBER_OBJECT_CONVERSION = YES_AGGRESSIVE;
				CLANG_CXX_LANGUAGE_STANDARD = "gnu++14";
				CLANG_CXX_LIBRARY = "libc++";
				CLANG_ENABLE_MODULES = YES;
				CLANG_ENABLE_OBJC_ARC = YES;
				CLANG_ENABLE_OBJC_WEAK = YES;
				CLANG_WARN_BLOCK_CAPTURE_AUTORELEASING = YES;
				CLANG_WARN_BOOL_CONVERSION = YES;
				CLANG_WARN_COMMA = YES;
				CLANG_WARN_CONSTANT_CONVERSION = YES;
				CLANG_WARN_DEPRECATED_OBJC_IMPLEMENTATIONS = YES;
				CLANG_WARN_DIRECT_OBJC_ISA_USAGE = YES_ERROR;
				CLANG_WARN_DOCUMENTATION_COMMENTS = YES;
				CLANG_WARN_EMPTY_BODY = YES;
				CLANG_WARN_ENUM_CONVERSION = YES;
				CLANG_WARN_INFINITE_RECURSION = YES;
				CLANG_WARN_INT_CONVERSION = YES;
				CLANG_WARN_NON_LITERAL_NULL_CONVERSION = YES;
				CLANG_WARN_OBJC_IMPLICIT_RETAIN_SELF = YES;
				CLANG_WARN_OBJC_LITERAL_CONVERSION = YES;
				CLANG_WARN_OBJC_ROOT_CLASS = YES_ERROR;
				CLANG_WARN_QUOTED_INCLUDE_IN_FRAMEWORK_HEADER = YES;
				CLANG_WARN_RANGE_LOOP_ANALYSIS = YES;
				CLANG_WARN_STRICT_PROTOTYPES = YES;
				CLANG_WARN_SUSPICIOUS_MOVE = YES;
				CLANG_WARN_UNGUARDED_AVAILABILITY = YES_AGGRESSIVE;
				CLANG_WARN_UNREACHABLE_CODE = YES;
				CLANG_WARN__DUPLICATE_METHOD_MATCH = YES;
				COPY_PHASE_STRIP = NO;
				DEBUG_INFORMATION_FORMAT = dwarf;
				ENABLE_STRICT_OBJC_MSGSEND = YES;
				ENABLE_TESTABILITY = YES;
				GCC_C_LANGUAGE_STANDARD = gnu11;
				GCC_DYNAMIC_NO_PIC = NO;
				GCC_NO_COMMON_BLOCKS = YES;
				GCC_OPTIMIZATION_LEVEL = 0;
				GCC_PREPROCESSOR_DEFINITIONS = (
					"DEBUG=1",
					"$(inherited)",
				);
				GCC_WARN_64_TO_32_BIT_CONVERSION = YES;
				GCC_WARN_ABOUT_RETURN_TYPE = YES_ERROR;
				GCC_WARN_UNDECLARED_SELECTOR = YES;
				GCC_WARN_UNINITIALIZED_AUTOS = YES_AGGRESSIVE;
				GCC_WARN_UNUSED_FUNCTION = YES;
				GCC_WARN_UNUSED_VARIABLE = YES;
				IPHONEOS_DEPLOYMENT_TARGET = 14.0;
				MTL_ENABLE_DEBUG_INFO = INCLUDE_SOURCE;
				MTL_FAST_MATH = YES;
				ONLY_ACTIVE_ARCH = YES;
				SDKROOT = iphoneos;
				SWIFT_ACTIVE_COMPILATION_CONDITIONS = DEBUG;
				SWIFT_OPTIMIZATION_LEVEL = "-Onone";
			};
			name = Debug;
		};
		9FB41B85252B4F860067B0DD /* Release */ = {
			isa = XCBuildConfiguration;
			buildSettings = {
				ALWAYS_SEARCH_USER_PATHS = NO;
				CLANG_ANALYZER_NONNULL = YES;
				CLANG_ANALYZER_NUMBER_OBJECT_CONVERSION = YES_AGGRESSIVE;
				CLANG_CXX_LANGUAGE_STANDARD = "gnu++14";
				CLANG_CXX_LIBRARY = "libc++";
				CLANG_ENABLE_MODULES = YES;
				CLANG_ENABLE_OBJC_ARC = YES;
				CLANG_ENABLE_OBJC_WEAK = YES;
				CLANG_WARN_BLOCK_CAPTURE_AUTORELEASING = YES;
				CLANG_WARN_BOOL_CONVERSION = YES;
				CLANG_WARN_COMMA = YES;
				CLANG_WARN_CONSTANT_CONVERSION = YES;
				CLANG_WARN_DEPRECATED_OBJC_IMPLEMENTATIONS = YES;
				CLANG_WARN_DIRECT_OBJC_ISA_USAGE = YES_ERROR;
				CLANG_WARN_DOCUMENTATION_COMMENTS = YES;
				CLANG_WARN_EMPTY_BODY = YES;
				CLANG_WARN_ENUM_CONVERSION = YES;
				CLANG_WARN_INFINITE_RECURSION = YES;
				CLANG_WARN_INT_CONVERSION = YES;
				CLANG_WARN_NON_LITERAL_NULL_CONVERSION = YES;
				CLANG_WARN_OBJC_IMPLICIT_RETAIN_SELF = YES;
				CLANG_WARN_OBJC_LITERAL_CONVERSION = YES;
				CLANG_WARN_OBJC_ROOT_CLASS = YES_ERROR;
				CLANG_WARN_QUOTED_INCLUDE_IN_FRAMEWORK_HEADER = YES;
				CLANG_WARN_RANGE_LOOP_ANALYSIS = YES;
				CLANG_WARN_STRICT_PROTOTYPES = YES;
				CLANG_WARN_SUSPICIOUS_MOVE = YES;
				CLANG_WARN_UNGUARDED_AVAILABILITY = YES_AGGRESSIVE;
				CLANG_WARN_UNREACHABLE_CODE = YES;
				CLANG_WARN__DUPLICATE_METHOD_MATCH = YES;
				COPY_PHASE_STRIP = NO;
				DEBUG_INFORMATION_FORMAT = "dwarf-with-dsym";
				ENABLE_NS_ASSERTIONS = NO;
				ENABLE_STRICT_OBJC_MSGSEND = YES;
				GCC_C_LANGUAGE_STANDARD = gnu11;
				GCC_NO_COMMON_BLOCKS = YES;
				GCC_WARN_64_TO_32_BIT_CONVERSION = YES;
				GCC_WARN_ABOUT_RETURN_TYPE = YES_ERROR;
				GCC_WARN_UNDECLARED_SELECTOR = YES;
				GCC_WARN_UNINITIALIZED_AUTOS = YES_AGGRESSIVE;
				GCC_WARN_UNUSED_FUNCTION = YES;
				GCC_WARN_UNUSED_VARIABLE = YES;
				IPHONEOS_DEPLOYMENT_TARGET = 14.0;
				MTL_ENABLE_DEBUG_INFO = NO;
				MTL_FAST_MATH = YES;
				SDKROOT = iphoneos;
				SWIFT_COMPILATION_MODE = wholemodule;
				SWIFT_OPTIMIZATION_LEVEL = "-O";
				VALIDATE_PRODUCT = YES;
			};
			name = Release;
		};
		9FB41B87252B4F860067B0DD /* Debug */ = {
			isa = XCBuildConfiguration;
			buildSettings = {
				ASSETCATALOG_COMPILER_APPICON_NAME = AppIcon;
				ASSETCATALOG_COMPILER_GLOBAL_ACCENT_COLOR_NAME = AccentColor;
				CODE_SIGN_STYLE = Automatic;
				DEVELOPMENT_ASSET_PATHS = "\"PlaceholderViewInSwiftUIBlog/Preview Content\"";
				DEVELOPMENT_TEAM = 6JBM5ZNF6C;
				ENABLE_PREVIEWS = YES;
				INFOPLIST_FILE = PlaceholderViewInSwiftUIBlog/Info.plist;
				IPHONEOS_DEPLOYMENT_TARGET = 14.0;
				LD_RUNPATH_SEARCH_PATHS = (
					"$(inherited)",
					"@executable_path/Frameworks",
				);
				PRODUCT_BUNDLE_IDENTIFIER = com.swifttom.PlaceholderViewInSwiftUIBlog;
				PRODUCT_NAME = "$(TARGET_NAME)";
				SWIFT_VERSION = 5.0;
				TARGETED_DEVICE_FAMILY = "1,2";
			};
			name = Debug;
		};
		9FB41B88252B4F860067B0DD /* Release */ = {
			isa = XCBuildConfiguration;
			buildSettings = {
				ASSETCATALOG_COMPILER_APPICON_NAME = AppIcon;
				ASSETCATALOG_COMPILER_GLOBAL_ACCENT_COLOR_NAME = AccentColor;
				CODE_SIGN_STYLE = Automatic;
				DEVELOPMENT_ASSET_PATHS = "\"PlaceholderViewInSwiftUIBlog/Preview Content\"";
				DEVELOPMENT_TEAM = 6JBM5ZNF6C;
				ENABLE_PREVIEWS = YES;
				INFOPLIST_FILE = PlaceholderViewInSwiftUIBlog/Info.plist;
				IPHONEOS_DEPLOYMENT_TARGET = 14.0;
				LD_RUNPATH_SEARCH_PATHS = (
					"$(inherited)",
					"@executable_path/Frameworks",
				);
				PRODUCT_BUNDLE_IDENTIFIER = com.swifttom.PlaceholderViewInSwiftUIBlog;
				PRODUCT_NAME = "$(TARGET_NAME)";
				SWIFT_VERSION = 5.0;
				TARGETED_DEVICE_FAMILY = "1,2";
			};
			name = Release;
		};
/* End XCBuildConfiguration section */

/* Begin XCConfigurationList section */
		9FB41B72252B4F850067B0DD /* Build configuration list for PBXProject "PlaceholderViewInSwiftUIBlog" */ = {
			isa = XCConfigurationList;
			buildConfigurations = (
				9FB41B84252B4F860067B0DD /* Debug */,
				9FB41B85252B4F860067B0DD /* Release */,
			);
			defaultConfigurationIsVisible = 0;
			defaultConfigurationName = Release;
		};
		9FB41B86252B4F860067B0DD /* Build configuration list for PBXNativeTarget "PlaceholderViewInSwiftUIBlog" */ = {
			isa = XCConfigurationList;
			buildConfigurations = (
				9FB41B87252B4F860067B0DD /* Debug */,
				9FB41B88252B4F860067B0DD /* Release */,
			);
			defaultConfigurationIsVisible = 0;
			defaultConfigurationName = Release;
		};
/* End XCConfigurationList section */
	};
	rootObject = 9FB41B6F252B4F850067B0DD /* Project object */;
}
